
Microsoft Visual Studio Solution File, Format Version 12.00
# Visual Studio 15
VisualStudioVersion = 15.0.27130.2010
MinimumVisualStudioVersion = 10.0.40219.1
Project("{FAE04EC0-301F-11D3-BF4B-00C04F79EFBC}") = "Sd.Helpers.OData", "Sd.Helpers.OData\Sd.Helpers.OData.csproj", "{4019D84B-315E-4A2B-92AD-06F64722BC71}"
EndProject
Global
	GlobalSection(SolutionConfigurationPlatforms) = preSolution
		Debug|Any CPU = Debug|Any CPU
		Release|Any CPU = Release|Any CPU
	EndGlobalSection
	GlobalSection(ProjectConfigurationPlatforms) = postSolution
		{4019D84B-315E-4A2B-92AD-06F64722BC71}.Debug|Any CPU.ActiveCfg = Debug|Any CPU
		{4019D84B-315E-4A2B-92AD-06F64722BC71}.Debug|Any CPU.Build.0 = Debug|Any CPU
		{4019D84B-315E-4A2B-92AD-06F64722BC71}.Release|Any CPU.ActiveCfg = Release|Any CPU
		{4019D84B-315E-4A2B-92AD-06F64722BC71}.Release|Any CPU.Build.0 = Release|Any CPU
	EndGlobalSection
	GlobalSection(SolutionProperties) = preSolution
		HideSolutionNode = FALSE
	EndGlobalSection
	GlobalSection(ExtensibilityGlobals) = postSolution
		SolutionGuid = {F5ABB50E-2F15-47B9-973A-CCB5D31A1EF4}
	EndGlobalSection
EndGlobal
